{
  "lockfileVersion": 2,
  "configVersion": 1,
  "workspaces": {
    "": {
      "name": "@herthing/host",
      "dependencies": {
        "ical.js": "2.2.1",
      },
    },
  },
  "packages": {
    "ical.js": ["ical.js@2.2.1", "", {}, "sha512-yK/UlPbEs316igb/tjRgbFA8ZV75rCsBJp/hWOatpyaPNlgw0dGDmU+FoicOcwX4xXkeXOkYiOmCqNPFpNPkQg=="],
  }
}
